# THIS IS AN AUTOGENERATED FILE. DO NOT EDIT THIS FILE DIRECTLY.
# yarn lockfile v1


primer-alerts@1.5.0:
  version "1.5.0"
  resolved "https://registry.yarnpkg.com/primer-alerts/-/primer-alerts-1.5.0.tgz#be79ecfb9dd79d89667471a9934bcab54a8f1e19"
  dependencies:
    primer-support "4.4.0"

primer-avatars@1.4.0:
  version "1.4.0"
  resolved "https://registry.yarnpkg.com/primer-avatars/-/primer-avatars-1.4.0.tgz#13d71e69f5484b281f5c3c265fb96bc9bd116624"
  dependencies:
    primer-support "4.4.0"

primer-base@1.5.0:
  version "1.5.0"
  resolved "https://registry.yarnpkg.com/primer-base/-/primer-base-1.5.0.tgz#a9e0643cd62e0edd570cb042a8244a9ceebba160"
  dependencies:
    primer-support "4.4.0"

primer-blankslate@1.4.0:
  version "1.4.0"
  resolved "https://registry.yarnpkg.com/primer-blankslate/-/primer-blankslate-1.4.0.tgz#d143b52acb3f76b14e116885adec12e4aa183009"
  dependencies:
    primer-support "4.4.0"

primer-box@2.5.0:
  version "2.5.0"
  resolved "https://registry.yarnpkg.com/primer-box/-/primer-box-2.5.0.tgz#07bc8a854e929c4fa6ea1742c276fb2b9f9c9aee"
  dependencies:
    primer-support "4.4.0"

primer-breadcrumb@1.4.0:
  version "1.4.0"
  resolved "https://registry.yarnpkg.com/primer-breadcrumb/-/primer-breadcrumb-1.4.0.tgz#d04de42c91bcffdc3b17436a1f20d4f4ce107d3e"
  dependencies:
    primer-marketing-support "1.3.0"
    primer-support "4.4.0"

primer-buttons@2.4.0:
  version "2.4.0"
  resolved "https://registry.yarnpkg.com/primer-buttons/-/primer-buttons-2.4.0.tgz#45f1213a0d18a18bcb818369fda4644769126296"
  dependencies:
    primer-support "4.4.0"

primer-cards@0.5.0:
  version "0.5.0"
  resolved "https://registry.yarnpkg.com/primer-cards/-/primer-cards-0.5.0.tgz#03ff10b0a8fb4b1dd15819552a2d2d7c5afffa4f"
  dependencies:
    primer-marketing-support "1.3.0"
    primer-support "4.4.0"

primer-core@6.4.0:
  version "6.4.0"
  resolved "https://registry.yarnpkg.com/primer-core/-/primer-core-6.4.0.tgz#a6d239929298cb81589ae305c06875bc38216043"
  dependencies:
    primer-base "1.5.0"
    primer-box "2.5.0"
    primer-buttons "2.4.0"
    primer-forms "1.4.0"
    primer-layout "1.4.0"
    primer-navigation "1.4.0"
    primer-support "4.4.0"
    primer-table-object "1.4.0"
    primer-tooltips "1.4.0"
    primer-truncate "1.4.0"
    primer-utilities "4.8.0"

primer-css@^9.5.0:
  version "9.5.0"
  resolved "https://registry.yarnpkg.com/primer-css/-/primer-css-9.5.0.tgz#11fc1e71e615612a6200915136b36426d8a3c39f"
  dependencies:
    primer-alerts "1.5.0"
    primer-avatars "1.4.0"
    primer-base "1.5.0"
    primer-blankslate "1.4.0"
    primer-box "2.5.0"
    primer-breadcrumb "1.4.0"
    primer-buttons "2.4.0"
    primer-cards "0.5.0"
    primer-core "6.4.0"
    primer-forms "1.4.0"
    primer-labels "1.5.0"
    primer-layout "1.4.0"
    primer-markdown "3.7.0"
    primer-marketing "5.4.0"
    primer-marketing-support "1.3.0"
    primer-marketing-type "1.4.0"
    primer-marketing-utilities "1.4.0"
    primer-navigation "1.4.0"
    primer-page-headers "1.4.0"
    primer-page-sections "1.4.0"
    primer-product "5.4.0"
    primer-support "4.4.0"
    primer-table-object "1.4.0"
    primer-tables "1.4.0"
    primer-tooltips "1.4.0"
    primer-truncate "1.4.0"
    primer-utilities "4.8.0"

primer-forms@1.4.0:
  version "1.4.0"
  resolved "https://registry.yarnpkg.com/primer-forms/-/primer-forms-1.4.0.tgz#67bfed60c1080e7db5643e8955e2e226b807baac"
  dependencies:
    primer-support "4.4.0"

primer-labels@1.5.0:
  version "1.5.0"
  resolved "https://registry.yarnpkg.com/primer-labels/-/primer-labels-1.5.0.tgz#7f2ac2eb6e63a890e7c488dc2a3b605ac7002e67"
  dependencies:
    primer-support "4.4.0"

primer-layout@1.4.0:
  version "1.4.0"
  resolved "https://registry.yarnpkg.com/primer-layout/-/primer-layout-1.4.0.tgz#36952422d811fd6965519d44ccb1d8e02943a522"
  dependencies:
    primer-support "4.4.0"

primer-markdown@3.7.0:
  version "3.7.0"
  resolved "https://registry.yarnpkg.com/primer-markdown/-/primer-markdown-3.7.0.tgz#53cea69fe805a47bb16d2bcabb51846302e7b092"
  dependencies:
    primer-support "4.4.0"

primer-marketing-support@1.3.0:
  version "1.3.0"
  resolved "https://registry.yarnpkg.com/primer-marketing-support/-/primer-marketing-support-1.3.0.tgz#330575115d287da4daf9bc8a6af91c3f640c3b3f"

primer-marketing-type@1.4.0:
  version "1.4.0"
  resolved "https://registry.yarnpkg.com/primer-marketing-type/-/primer-marketing-type-1.4.0.tgz#ccd30d8cfaaf12099727efdaf071f59b7bf98a0e"
  dependencies:
    primer-marketing-support "1.3.0"
    primer-support "4.4.0"

primer-marketing-utilities@1.4.0:
  version "1.4.0"
  resolved "https://registry.yarnpkg.com/primer-marketing-utilities/-/primer-marketing-utilities-1.4.0.tgz#d58681ceecd634beef95823db4fa60d3398b8a19"
  dependencies:
    primer-marketing-support "1.3.0"
    primer-support "4.4.0"

primer-marketing@5.4.0:
  version "5.4.0"
  resolved "https://registry.yarnpkg.com/primer-marketing/-/primer-marketing-5.4.0.tgz#75599350c0ebf5a67a647406c059244bd4e584ac"
  dependencies:
    primer-breadcrumb "1.4.0"
    primer-cards "0.5.0"
    primer-marketing-support "1.3.0"
    primer-marketing-type "1.4.0"
    primer-marketing-utilities "1.4.0"
    primer-page-headers "1.4.0"
    primer-page-sections "1.4.0"
    primer-support "4.4.0"
    primer-tables "1.4.0"

primer-navigation@1.4.0:
  version "1.4.0"
  resolved "https://registry.yarnpkg.com/primer-navigation/-/primer-navigation-1.4.0.tgz#bef404a43144bde4ed65e55ae4ffa2a9e6ccef21"
  dependencies:
    primer-support "4.4.0"

primer-page-headers@1.4.0:
  version "1.4.0"
  resolved "https://registry.yarnpkg.com/primer-page-headers/-/primer-page-headers-1.4.0.tgz#92b8a6da89aac0496759cc7ac6818dab2e95e574"
  dependencies:
    primer-marketing-support "1.3.0"
    primer-support "4.4.0"

primer-page-sections@1.4.0:
  version "1.4.0"
  resolved "https://registry.yarnpkg.com/primer-page-sections/-/primer-page-sections-1.4.0.tgz#bb4bb7555d09d717740c8ef96e8d9835457ac6f5"
  dependencies:
    primer-marketing-support "1.3.0"
    primer-support "4.4.0"

primer-product@5.4.0:
  version "5.4.0"
  resolved "https://registry.yarnpkg.com/primer-product/-/primer-product-5.4.0.tgz#679f2860fc1b3a23331858c88f1a8cbf6982a56e"
  dependencies:
    primer-alerts "1.5.0"
    primer-avatars "1.4.0"
    primer-blankslate "1.4.0"
    primer-labels "1.5.0"
    primer-markdown "3.7.0"
    primer-support "4.4.0"

primer-support@4.4.0:
  version "4.4.0"
  resolved "https://registry.yarnpkg.com/primer-support/-/primer-support-4.4.0.tgz#4d650ce581cb3ad06192d60908ba4e219a015f05"

primer-table-object@1.4.0:
  version "1.4.0"
  resolved "https://registry.yarnpkg.com/primer-table-object/-/primer-table-object-1.4.0.tgz#e1c54050d323268274d78fd86777c5a76f567b04"
  dependencies:
    primer-support "4.4.0"

primer-tables@1.4.0:
  version "1.4.0"
  resolved "https://registry.yarnpkg.com/primer-tables/-/primer-tables-1.4.0.tgz#496624a0252ede2a0e9525275253e09c4e9afd0b"
  dependencies:
    primer-marketing-support "1.3.0"
    primer-support "4.4.0"

primer-tooltips@1.4.0:
  version "1.4.0"
  resolved "https://registry.yarnpkg.com/primer-tooltips/-/primer-tooltips-1.4.0.tgz#2f5abfb746191cfd1910f1f2c4b10e6f19a992c2"
  dependencies:
    primer-support "4.4.0"

primer-truncate@1.4.0:
  version "1.4.0"
  resolved "https://registry.yarnpkg.com/primer-truncate/-/primer-truncate-1.4.0.tgz#b84cb562fc35ab9a39a9579f891acf79e4aa6b72"
  dependencies:
    primer-support "4.4.0"

primer-utilities@4.8.0:
  version "4.8.0"
  resolved "https://registry.yarnpkg.com/primer-utilities/-/primer-utilities-4.8.0.tgz#7a7845cf0fcf8444c29699bada160a22f397896f"
  dependencies:
    primer-support "4.4.0"
